
Microsoft Visual Studio Solution File, Format Version 12.00
# Visual Studio Version 17
VisualStudioVersion = 17.7.34221.43
MinimumVisualStudioVersion = 10.0.40219.1
Project("{FAE04EC0-301F-11D3-BF4B-00C04F79EFBC}") = "Practica.Bss", "Practica.Bss\Practica.Bss.csproj", "{D6A2C898-8C29-4F25-A0DB-FBC2DE0C4AB8}"
EndProject
Project("{FAE04EC0-301F-11D3-BF4B-00C04F79EFBC}") = "Practica.Dal", "Practica.Dal\Practica.Dal.csproj", "{C0C72579-1260-4C14-9ED6-E2908946E594}"
EndProject
Project("{FAE04EC0-301F-11D3-BF4B-00C04F79EFBC}") = "Practica.Modelos", "Practica.Modelos\Practica.Modelos.csproj", "{315BCE60-5AF8-46D6-8127-4162888E5842}"
EndProject
Project("{FAE04EC0-301F-11D3-BF4B-00C04F79EFBC}") = "Practica.Vistas", "Practica.Vistas\Practica.Vistas.csproj", "{396BE005-68D9-4962-865A-8871893C09BF}"
EndProject
Global
	GlobalSection(SolutionConfigurationPlatforms) = preSolution
		Debug|Any CPU = Debug|Any CPU
		Release|Any CPU = Release|Any CPU
	EndGlobalSection
	GlobalSection(ProjectConfigurationPlatforms) = postSolution
		{D6A2C898-8C29-4F25-A0DB-FBC2DE0C4AB8}.Debug|Any CPU.ActiveCfg = Debug|Any CPU
		{D6A2C898-8C29-4F25-A0DB-FBC2DE0C4AB8}.Debug|Any CPU.Build.0 = Debug|Any CPU
		{D6A2C898-8C29-4F25-A0DB-FBC2DE0C4AB8}.Release|Any CPU.ActiveCfg = Release|Any CPU
		{D6A2C898-8C29-4F25-A0DB-FBC2DE0C4AB8}.Release|Any CPU.Build.0 = Release|Any CPU
		{C0C72579-1260-4C14-9ED6-E2908946E594}.Debug|Any CPU.ActiveCfg = Debug|Any CPU
		{C0C72579-1260-4C14-9ED6-E2908946E594}.Debug|Any CPU.Build.0 = Debug|Any CPU
		{C0C72579-1260-4C14-9ED6-E2908946E594}.Release|Any CPU.ActiveCfg = Release|Any CPU
		{C0C72579-1260-4C14-9ED6-E2908946E594}.Release|Any CPU.Build.0 = Release|Any CPU
		{315BCE60-5AF8-46D6-8127-4162888E5842}.Debug|Any CPU.ActiveCfg = Debug|Any CPU
		{315BCE60-5AF8-46D6-8127-4162888E5842}.Debug|Any CPU.Build.0 = Debug|Any CPU
		{315BCE60-5AF8-46D6-8127-4162888E5842}.Release|Any CPU.ActiveCfg = Release|Any CPU
		{315BCE60-5AF8-46D6-8127-4162888E5842}.Release|Any CPU.Build.0 = Release|Any CPU
		{396BE005-68D9-4962-865A-8871893C09BF}.Debug|Any CPU.ActiveCfg = Debug|Any CPU
		{396BE005-68D9-4962-865A-8871893C09BF}.Debug|Any CPU.Build.0 = Debug|Any CPU
		{396BE005-68D9-4962-865A-8871893C09BF}.Release|Any CPU.ActiveCfg = Release|Any CPU
		{396BE005-68D9-4962-865A-8871893C09BF}.Release|Any CPU.Build.0 = Release|Any CPU
	EndGlobalSection
	GlobalSection(SolutionProperties) = preSolution
		HideSolutionNode = FALSE
	EndGlobalSection
	GlobalSection(ExtensibilityGlobals) = postSolution
		SolutionGuid = {25C17E6B-E682-46FA-A5A9-695C09E5DD47}
	EndGlobalSection
EndGlobal
